{
  "object": {
    "pins": [
      {
        "package": "SwiftUICharts",
        "repositoryURL": "https://gitee.com/slamrobot/SwiftUICharts.git",
        "state": {
          "branch": null,
          "revision": "87846fb45cef8cb589fe7d7f4db82cc821ced990",
          "version": "2.9.2"
        }
      }
    ]
  },
  "version": 1
}
