// !$*UTF8*$!
{
	archiveVersion = 1;
	classes = {
	};
	objectVersion = 52;
	objects = {

/* Begin PBXBuildFile section */
		63217D4F26F98F870081106C /* opencv2.framework in Frameworks */ = {isa = PBXBuildFile; fileRef = 63217D4E26F98F860081106C /* opencv2.framework */; };
		63217D5126F98FAD0081106C /* CoreFoundation.framework in Frameworks */ = {isa = PBXBuildFile; fileRef = 63217D5026F98FAD0081106C /* CoreFoundation.framework */; };
		63217D5326F98FBD0081106C /* CoreMedia.framework in Frameworks */ = {isa = PBXBuildFile; fileRef = 63217D5226F98FBD0081106C /* CoreMedia.framework */; };
		63217D5526F98FC30081106C /* CoreGraphics.framework in Frameworks */ = {isa = PBXBuildFile; fileRef = 63217D5426F98FC30081106C /* CoreGraphics.framework */; };
		63217D5726F98FCD0081106C /* Accelerate.framework in Frameworks */ = {isa = PBXBuildFile; fileRef = 63217D5626F98FCD0081106C /* Accelerate.framework */; };
		63217D6826F9A0670081106C /* Wrapper.mm in Sources */ = {isa = PBXBuildFile; fileRef = 63217D6726F9A0670081106C /* Wrapper.mm */; };
		6334FB1126F9F8E900CA0EE4 /* DSC00026.png in Resources */ = {isa = PBXBuildFile; fileRef = 6334FB1026F9F8E900CA0EE4 /* DSC00026.png */; };
		6364634B26DB92D400338E31 /* SensorRecorderApp.swift in Sources */ = {isa = PBXBuildFile; fileRef = 6364634A26DB92D400338E31 /* SensorRecorderApp.swift */; };
		6364634D26DB92D400338E31 /* ContentView.swift in Sources */ = {isa = PBXBuildFile; fileRef = 6364634C26DB92D400338E31 /* ContentView.swift */; };
		6364634F26DB92D500338E31 /* Assets.xcassets in Resources */ = {isa = PBXBuildFile; fileRef = 6364634E26DB92D500338E31 /* Assets.xcassets */; };
		6364635226DB92D600338E31 /* Preview Assets.xcassets in Resources */ = {isa = PBXBuildFile; fileRef = 6364635126DB92D600338E31 /* Preview Assets.xcassets */; };
		6368E2B126E8D6D800E59348 /* motionManager.swift in Sources */ = {isa = PBXBuildFile; fileRef = 6368E2B026E8D6D800E59348 /* motionManager.swift */; };
		6368E2B926E9029200E59348 /* SwiftUICharts in Frameworks */ = {isa = PBXBuildFile; productRef = 6368E2B826E9029200E59348 /* SwiftUICharts */; };
/* End PBXBuildFile section */

/* Begin PBXFileReference section */
		63217D4E26F98F860081106C /* opencv2.framework */ = {isa = PBXFileReference; lastKnownFileType = wrapper.framework; path = opencv2.framework; sourceTree = "<group>"; };
		63217D5026F98FAD0081106C /* CoreFoundation.framework */ = {isa = PBXFileReference; lastKnownFileType = wrapper.framework; name = CoreFoundation.framework; path = System/Library/Frameworks/CoreFoundation.framework; sourceTree = SDKROOT; };
		63217D5226F98FBD0081106C /* CoreMedia.framework */ = {isa = PBXFileReference; lastKnownFileType = wrapper.framework; name = CoreMedia.framework; path = System/Library/Frameworks/CoreMedia.framework; sourceTree = SDKROOT; };
		63217D5426F98FC30081106C /* CoreGraphics.framework */ = {isa = PBXFileReference; lastKnownFileType = wrapper.framework; name = CoreGraphics.framework; path = System/Library/Frameworks/CoreGraphics.framework; sourceTree = SDKROOT; };
		63217D5626F98FCD0081106C /* Accelerate.framework */ = {isa = PBXFileReference; lastKnownFileType = wrapper.framework; name = Accelerate.framework; path = System/Library/Frameworks/Accelerate.framework; sourceTree = SDKROOT; };
		63217D5B26F990580081106C /* Wrapper.h */ = {isa = PBXFileReference; lastKnownFileType = sourcecode.c.h; path = Wrapper.h; sourceTree = "<group>"; };
		63217D5D26F993DF0081106C /* PrefixHeader.pch */ = {isa = PBXFileReference; lastKnownFileType = sourcecode.c.h; path = PrefixHeader.pch; sourceTree = "<group>"; };
		63217D6626F9A0660081106C /* SensorRecorder-Bridging-Header.h */ = {isa = PBXFileReference; lastKnownFileType = sourcecode.c.h; path = "SensorRecorder-Bridging-Header.h"; sourceTree = "<group>"; };
		63217D6726F9A0670081106C /* Wrapper.mm */ = {isa = PBXFileReference; lastKnownFileType = sourcecode.cpp.objcpp; path = Wrapper.mm; sourceTree = "<group>"; };
		6334FB1026F9F8E900CA0EE4 /* DSC00026.png */ = {isa = PBXFileReference; lastKnownFileType = image.png; path = DSC00026.png; sourceTree = "<group>"; };
		6364634726DB92D400338E31 /* SensorRecorder.app */ = {isa = PBXFileReference; explicitFileType = wrapper.application; includeInIndex = 0; path = SensorRecorder.app; sourceTree = BUILT_PRODUCTS_DIR; };
		6364634A26DB92D400338E31 /* SensorRecorderApp.swift */ = {isa = PBXFileReference; lastKnownFileType = sourcecode.swift; path = SensorRecorderApp.swift; sourceTree = "<group>"; };
		6364634C26DB92D400338E31 /* ContentView.swift */ = {isa = PBXFileReference; lastKnownFileType = sourcecode.swift; path = ContentView.swift; sourceTree = "<group>"; };
		6364634E26DB92D500338E31 /* Assets.xcassets */ = {isa = PBXFileReference; lastKnownFileType = folder.assetcatalog; path = Assets.xcassets; sourceTree = "<group>"; };
		6364635126DB92D600338E31 /* Preview Assets.xcassets */ = {isa = PBXFileReference; lastKnownFileType = folder.assetcatalog; path = "Preview Assets.xcassets"; sourceTree = "<group>"; };
		6364635326DB92D600338E31 /* Info.plist */ = {isa = PBXFileReference; lastKnownFileType = text.plist.xml; path = Info.plist; sourceTree = "<group>"; };
		6368E2B026E8D6D800E59348 /* motionManager.swift */ = {isa = PBXFileReference; lastKnownFileType = sourcecode.swift; path = motionManager.swift; sourceTree = "<group>"; };
/* End PBXFileReference section */

/* Begin PBXFrameworksBuildPhase section */
		6364634426DB92D400338E31 /* Frameworks */ = {
			isa = PBXFrameworksBuildPhase;
			buildActionMask = 2147483647;
			files = (
				63217D5726F98FCD0081106C /* Accelerate.framework in Frameworks */,
				63217D5526F98FC30081106C /* CoreGraphics.framework in Frameworks */,
				63217D5326F98FBD0081106C /* CoreMedia.framework in Frameworks */,
				63217D5126F98FAD0081106C /* CoreFoundation.framework in Frameworks */,
				63217D4F26F98F870081106C /* opencv2.framework in Frameworks */,
				6368E2B926E9029200E59348 /* SwiftUICharts in Frameworks */,
			);
			runOnlyForDeploymentPostprocessing = 0;
		};
/* End PBXFrameworksBuildPhase section */

/* Begin PBXGroup section */
		63217A3C26F989820081106C /* Frameworks */ = {
			isa = PBXGroup;
			children = (
				63217D4E26F98F860081106C /* opencv2.framework */,
				63217D5626F98FCD0081106C /* Accelerate.framework */,
				63217D5426F98FC30081106C /* CoreGraphics.framework */,
				63217D5226F98FBD0081106C /* CoreMedia.framework */,
				63217D5026F98FAD0081106C /* CoreFoundation.framework */,
			);
			name = Frameworks;
			sourceTree = "<group>";
		};
		6364633E26DB92D400338E31 = {
			isa = PBXGroup;
			children = (
				6334FB1026F9F8E900CA0EE4 /* DSC00026.png */,
				63217D6726F9A0670081106C /* Wrapper.mm */,
				63217D5D26F993DF0081106C /* PrefixHeader.pch */,
				63217D5B26F990580081106C /* Wrapper.h */,
				6364634926DB92D400338E31 /* SensorRecorder */,
				6364634826DB92D400338E31 /* Products */,
				63217A3C26F989820081106C /* Frameworks */,
				63217D6626F9A0660081106C /* SensorRecorder-Bridging-Header.h */,
			);
			sourceTree = "<group>";
		};
		6364634826DB92D400338E31 /* Products */ = {
			isa = PBXGroup;
			children = (
				6364634726DB92D400338E31 /* SensorRecorder.app */,
			);
			name = Products;
			sourceTree = "<group>";
		};
		6364634926DB92D400338E31 /* SensorRecorder */ = {
			isa = PBXGroup;
			children = (
				6364634A26DB92D400338E31 /* SensorRecorderApp.swift */,
				6364634C26DB92D400338E31 /* ContentView.swift */,
				6368E2B026E8D6D800E59348 /* motionManager.swift */,
				6364634E26DB92D500338E31 /* Assets.xcassets */,
				6364635326DB92D600338E31 /* Info.plist */,
				6364635026DB92D600338E31 /* Preview Content */,
			);
			path = SensorRecorder;
			sourceTree = "<group>";
		};
		6364635026DB92D600338E31 /* Preview Content */ = {
			isa = PBXGroup;
			children = (
				6364635126DB92D600338E31 /* Preview Assets.xcassets */,
			);
			path = "Preview Content";
			sourceTree = "<group>";
		};
/* End PBXGroup section */

/* Begin PBXNativeTarget section */
		6364634626DB92D400338E31 /* SensorRecorder */ = {
			isa = PBXNativeTarget;
			buildConfigurationList = 6364635626DB92D600338E31 /* Build configuration list for PBXNativeTarget "SensorRecorder" */;
			buildPhases = (
				6364634326DB92D400338E31 /* Sources */,
				6364634426DB92D400338E31 /* Frameworks */,
				6364634526DB92D400338E31 /* Resources */,
			);
			buildRules = (
			);
			dependencies = (
			);
			name = SensorRecorder;
			packageProductDependencies = (
				6368E2B826E9029200E59348 /* SwiftUICharts */,
			);
			productName = SensorRecorder;
			productReference = 6364634726DB92D400338E31 /* SensorRecorder.app */;
			productType = "com.apple.product-type.application";
		};
/* End PBXNativeTarget section */

/* Begin PBXProject section */
		6364633F26DB92D400338E31 /* Project object */ = {
			isa = PBXProject;
			attributes = {
				LastSwiftUpdateCheck = 1250;
				LastUpgradeCheck = 1250;
				TargetAttributes = {
					6364634626DB92D400338E31 = {
						CreatedOnToolsVersion = 12.5.1;
						LastSwiftMigration = 1250;
					};
				};
			};
			buildConfigurationList = 6364634226DB92D400338E31 /* Build configuration list for PBXProject "SensorRecorder" */;
			compatibilityVersion = "Xcode 9.3";
			developmentRegion = en;
			hasScannedForEncodings = 0;
			knownRegions = (
				en,
				Base,
			);
			mainGroup = 6364633E26DB92D400338E31;
			packageReferences = (
				6368E2B726E9029200E59348 /* XCRemoteSwiftPackageReference "SwiftUICharts" */,
			);
			productRefGroup = 6364634826DB92D400338E31 /* Products */;
			projectDirPath = "";
			projectRoot = "";
			targets = (
				6364634626DB92D400338E31 /* SensorRecorder */,
			);
		};
/* End PBXProject section */

/* Begin PBXResourcesBuildPhase section */
		6364634526DB92D400338E31 /* Resources */ = {
			isa = PBXResourcesBuildPhase;
			buildActionMask = 2147483647;
			files = (
				6364635226DB92D600338E31 /* Preview Assets.xcassets in Resources */,
				6334FB1126F9F8E900CA0EE4 /* DSC00026.png in Resources */,
				6364634F26DB92D500338E31 /* Assets.xcassets in Resources */,
			);
			runOnlyForDeploymentPostprocessing = 0;
		};
/* End PBXResourcesBuildPhase section */

/* Begin PBXSourcesBuildPhase section */
		6364634326DB92D400338E31 /* Sources */ = {
			isa = PBXSourcesBuildPhase;
			buildActionMask = 2147483647;
			files = (
				6364634D26DB92D400338E31 /* ContentView.swift in Sources */,
				63217D6826F9A0670081106C /* Wrapper.mm in Sources */,
				6364634B26DB92D400338E31 /* SensorRecorderApp.swift in Sources */,
				6368E2B126E8D6D800E59348 /* motionManager.swift in Sources */,
			);
			runOnlyForDeploymentPostprocessing = 0;
		};
/* End PBXSourcesBuildPhase section */

/* Begin XCBuildConfiguration section */
		6364635426DB92D600338E31 /* Debug */ = {
			isa = XCBuildConfiguration;
			buildSettings = {
				ALWAYS_SEARCH_USER_PATHS = NO;
				CLANG_ANALYZER_NONNULL = YES;
				CLANG_ANALYZER_NUMBER_OBJECT_CONVERSION = YES_AGGRESSIVE;
				CLANG_CXX_LANGUAGE_STANDARD = "gnu++14";
				CLANG_CXX_LIBRARY = "libc++";
				CLANG_ENABLE_MODULES = YES;
				CLANG_ENABLE_OBJC_ARC = YES;
				CLANG_ENABLE_OBJC_WEAK = YES;
				CLANG_WARN_BLOCK_CAPTURE_AUTORELEASING = YES;
				CLANG_WARN_BOOL_CONVERSION = YES;
				CLANG_WARN_COMMA = YES;
				CLANG_WARN_CONSTANT_CONVERSION = YES;
				CLANG_WARN_DEPRECATED_OBJC_IMPLEMENTATIONS = YES;
				CLANG_WARN_DIRECT_OBJC_ISA_USAGE = YES_ERROR;
				CLANG_WARN_DOCUMENTATION_COMMENTS = YES;
				CLANG_WARN_EMPTY_BODY = YES;
				CLANG_WARN_ENUM_CONVERSION = YES;
				CLANG_WARN_INFINITE_RECURSION = YES;
				CLANG_WARN_INT_CONVERSION = YES;
				CLANG_WARN_NON_LITERAL_NULL_CONVERSION = YES;
				CLANG_WARN_OBJC_IMPLICIT_RETAIN_SELF = YES;
				CLANG_WARN_OBJC_LITERAL_CONVERSION = YES;
				CLANG_WARN_OBJC_ROOT_CLASS = YES_ERROR;
				CLANG_WARN_QUOTED_INCLUDE_IN_FRAMEWORK_HEADER = YES;
				CLANG_WARN_RANGE_LOOP_ANALYSIS = YES;
				CLANG_WARN_STRICT_PROTOTYPES = YES;
				CLANG_WARN_SUSPICIOUS_MOVE = YES;
				CLANG_WARN_UNGUARDED_AVAILABILITY = YES_AGGRESSIVE;
				CLANG_WARN_UNREACHABLE_CODE = YES;
				CLANG_WARN__DUPLICATE_METHOD_MATCH = YES;
				COPY_PHASE_STRIP = NO;
				DEBUG_INFORMATION_FORMAT = dwarf;
				ENABLE_STRICT_OBJC_MSGSEND = YES;
				ENABLE_TESTABILITY = YES;
				GCC_C_LANGUAGE_STANDARD = gnu11;
				GCC_DYNAMIC_NO_PIC = NO;
				GCC_NO_COMMON_BLOCKS = YES;
				GCC_OPTIMIZATION_LEVEL = 0;
				GCC_PREPROCESSOR_DEFINITIONS = (
					"DEBUG=1",
					"$(inherited)",
				);
				GCC_WARN_64_TO_32_BIT_CONVERSION = YES;
				GCC_WARN_ABOUT_RETURN_TYPE = YES_ERROR;
				GCC_WARN_UNDECLARED_SELECTOR = YES;
				GCC_WARN_UNINITIALIZED_AUTOS = YES_AGGRESSIVE;
				GCC_WARN_UNUSED_FUNCTION = YES;
				GCC_WARN_UNUSED_VARIABLE = YES;
				IPHONEOS_DEPLOYMENT_TARGET = 14.5;
				MTL_ENABLE_DEBUG_INFO = INCLUDE_SOURCE;
				MTL_FAST_MATH = YES;
				ONLY_ACTIVE_ARCH = YES;
				SDKROOT = iphoneos;
				SWIFT_ACTIVE_COMPILATION_CONDITIONS = DEBUG;
				SWIFT_OPTIMIZATION_LEVEL = "-Onone";
			};
			name = Debug;
		};
		6364635526DB92D600338E31 /* Release */ = {
			isa = XCBuildConfiguration;
			buildSettings = {
				ALWAYS_SEARCH_USER_PATHS = NO;
				CLANG_ANALYZER_NONNULL = YES;
				CLANG_ANALYZER_NUMBER_OBJECT_CONVERSION = YES_AGGRESSIVE;
				CLANG_CXX_LANGUAGE_STANDARD = "gnu++14";
				CLANG_CXX_LIBRARY = "libc++";
				CLANG_ENABLE_MODULES = YES;
				CLANG_ENABLE_OBJC_ARC = YES;
				CLANG_ENABLE_OBJC_WEAK = YES;
				CLANG_WARN_BLOCK_CAPTURE_AUTORELEASING = YES;
				CLANG_WARN_BOOL_CONVERSION = YES;
				CLANG_WARN_COMMA = YES;
				CLANG_WARN_CONSTANT_CONVERSION = YES;
				CLANG_WARN_DEPRECATED_OBJC_IMPLEMENTATIONS = YES;
				CLANG_WARN_DIRECT_OBJC_ISA_USAGE = YES_ERROR;
				CLANG_WARN_DOCUMENTATION_COMMENTS = YES;
				CLANG_WARN_EMPTY_BODY = YES;
				CLANG_WARN_ENUM_CONVERSION = YES;
				CLANG_WARN_INFINITE_RECURSION = YES;
				CLANG_WARN_INT_CONVERSION = YES;
				CLANG_WARN_NON_LITERAL_NULL_CONVERSION = YES;
				CLANG_WARN_OBJC_IMPLICIT_RETAIN_SELF = YES;
				CLANG_WARN_OBJC_LITERAL_CONVERSION = YES;
				CLANG_WARN_OBJC_ROOT_CLASS = YES_ERROR;
				CLANG_WARN_QUOTED_INCLUDE_IN_FRAMEWORK_HEADER = YES;
				CLANG_WARN_RANGE_LOOP_ANALYSIS = YES;
				CLANG_WARN_STRICT_PROTOTYPES = YES;
				CLANG_WARN_SUSPICIOUS_MOVE = YES;
				CLANG_WARN_UNGUARDED_AVAILABILITY = YES_AGGRESSIVE;
				CLANG_WARN_UNREACHABLE_CODE = YES;
				CLANG_WARN__DUPLICATE_METHOD_MATCH = YES;
				COPY_PHASE_STRIP = NO;
				DEBUG_INFORMATION_FORMAT = "dwarf-with-dsym";
				ENABLE_NS_ASSERTIONS = NO;
				ENABLE_STRICT_OBJC_MSGSEND = YES;
				GCC_C_LANGUAGE_STANDARD = gnu11;
				GCC_NO_COMMON_BLOCKS = YES;
				GCC_WARN_64_TO_32_BIT_CONVERSION = YES;
				GCC_WARN_ABOUT_RETURN_TYPE = YES_ERROR;
				GCC_WARN_UNDECLARED_SELECTOR = YES;
				GCC_WARN_UNINITIALIZED_AUTOS = YES_AGGRESSIVE;
				GCC_WARN_UNUSED_FUNCTION = YES;
				GCC_WARN_UNUSED_VARIABLE = YES;
				IPHONEOS_DEPLOYMENT_TARGET = 14.5;
				MTL_ENABLE_DEBUG_INFO = NO;
				MTL_FAST_MATH = YES;
				SDKROOT = iphoneos;
				SWIFT_COMPILATION_MODE = wholemodule;
				SWIFT_OPTIMIZATION_LEVEL = "-O";
				VALIDATE_PRODUCT = YES;
			};
			name = Release;
		};
		6364635726DB92D600338E31 /* Debug */ = {
			isa = XCBuildConfiguration;
			buildSettings = {
				ASSETCATALOG_COMPILER_APPICON_NAME = AppIcon;
				ASSETCATALOG_COMPILER_GLOBAL_ACCENT_COLOR_NAME = AccentColor;
				CLANG_ENABLE_MODULES = YES;
				CLANG_WARN_DOCUMENTATION_COMMENTS = NO;
				CLANG_WARN_QUOTED_INCLUDE_IN_FRAMEWORK_HEADER = NO;
				CODE_SIGN_STYLE = Automatic;
				DEVELOPMENT_ASSET_PATHS = "\"SensorRecorder/Preview Content\"";
				DEVELOPMENT_TEAM = X9WGV5AV6J;
				ENABLE_PREVIEWS = YES;
				FRAMEWORK_SEARCH_PATHS = (
					"$(inherited)",
					"$(PROJECT_DIR)",
				);
				GCC_PREFIX_HEADER = /Users/jarvis/XCodeCode/swiftUIStudy/SensorRecorder/PrefixHeader.pch;
				INFOPLIST_FILE = SensorRecorder/Info.plist;
				IPHONEOS_DEPLOYMENT_TARGET = 14.0;
				LD_RUNPATH_SEARCH_PATHS = (
					"$(inherited)",
					"@executable_path/Frameworks",
				);
				LIBRARY_SEARCH_PATHS = "$(inherited)";
				PRODUCT_BUNDLE_IDENTIFIER = com.slamrobot.SensorRecorder;
				PRODUCT_NAME = "$(TARGET_NAME)";
				SWIFT_OBJC_BRIDGING_HEADER = "SensorRecorder-Bridging-Header.h";
				SWIFT_OPTIMIZATION_LEVEL = "-Onone";
				SWIFT_VERSION = 5.0;
				TARGETED_DEVICE_FAMILY = "1,2";
				USER_HEADER_SEARCH_PATHS = "";
			};
			name = Debug;
		};
		6364635826DB92D600338E31 /* Release */ = {
			isa = XCBuildConfiguration;
			buildSettings = {
				ASSETCATALOG_COMPILER_APPICON_NAME = AppIcon;
				ASSETCATALOG_COMPILER_GLOBAL_ACCENT_COLOR_NAME = AccentColor;
				CLANG_ENABLE_MODULES = YES;
				CLANG_WARN_DOCUMENTATION_COMMENTS = NO;
				CLANG_WARN_QUOTED_INCLUDE_IN_FRAMEWORK_HEADER = NO;
				CODE_SIGN_STYLE = Automatic;
				DEVELOPMENT_ASSET_PATHS = "\"SensorRecorder/Preview Content\"";
				DEVELOPMENT_TEAM = X9WGV5AV6J;
				ENABLE_PREVIEWS = YES;
				FRAMEWORK_SEARCH_PATHS = (
					"$(inherited)",
					"$(PROJECT_DIR)",
				);
				GCC_PREFIX_HEADER = /Users/jarvis/XCodeCode/swiftUIStudy/SensorRecorder/PrefixHeader.pch;
				INFOPLIST_FILE = SensorRecorder/Info.plist;
				IPHONEOS_DEPLOYMENT_TARGET = 14.0;
				LD_RUNPATH_SEARCH_PATHS = (
					"$(inherited)",
					"@executable_path/Frameworks",
				);
				LIBRARY_SEARCH_PATHS = "$(inherited)";
				PRODUCT_BUNDLE_IDENTIFIER = com.slamrobot.SensorRecorder;
				PRODUCT_NAME = "$(TARGET_NAME)";
				SWIFT_OBJC_BRIDGING_HEADER = "SensorRecorder-Bridging-Header.h";
				SWIFT_VERSION = 5.0;
				TARGETED_DEVICE_FAMILY = "1,2";
				USER_HEADER_SEARCH_PATHS = "";
			};
			name = Release;
		};
/* End XCBuildConfiguration section */

/* Begin XCConfigurationList section */
		6364634226DB92D400338E31 /* Build configuration list for PBXProject "SensorRecorder" */ = {
			isa = XCConfigurationList;
			buildConfigurations = (
				6364635426DB92D600338E31 /* Debug */,
				6364635526DB92D600338E31 /* Release */,
			);
			defaultConfigurationIsVisible = 0;
			defaultConfigurationName = Release;
		};
		6364635626DB92D600338E31 /* Build configuration list for PBXNativeTarget "SensorRecorder" */ = {
			isa = XCConfigurationList;
			buildConfigurations = (
				6364635726DB92D600338E31 /* Debug */,
				6364635826DB92D600338E31 /* Release */,
			);
			defaultConfigurationIsVisible = 0;
			defaultConfigurationName = Release;
		};
/* End XCConfigurationList section */

/* Begin XCRemoteSwiftPackageReference section */
		6368E2B726E9029200E59348 /* XCRemoteSwiftPackageReference "SwiftUICharts" */ = {
			isa = XCRemoteSwiftPackageReference;
			repositoryURL = "https://gitee.com/slamrobot/SwiftUICharts.git";
			requirement = {
				kind = upToNextMajorVersion;
				minimumVersion = 2.9.2;
			};
		};
/* End XCRemoteSwiftPackageReference section */

/* Begin XCSwiftPackageProductDependency section */
		6368E2B826E9029200E59348 /* SwiftUICharts */ = {
			isa = XCSwiftPackageProductDependency;
			package = 6368E2B726E9029200E59348 /* XCRemoteSwiftPackageReference "SwiftUICharts" */;
			productName = SwiftUICharts;
		};
/* End XCSwiftPackageProductDependency section */
	};
	rootObject = 6364633F26DB92D400338E31 /* Project object */;
}
